
Microsoft Visual Studio Solution File, Format Version 12.00
# Visual Studio Version 17
VisualStudioVersion = 17.14.36327.8
MinimumVisualStudioVersion = 10.0.40219.1
Project("{FAE04EC0-301F-11D3-BF4B-00C04F79EFBC}") = "MauiBlazorEntraAuth", "MauiBlazorEntraAuth\MauiBlazorEntraAuth.csproj", "{A53CF9A1-F3CE-E2BD-642B-39F7120B397C}"
EndProject
Global
	GlobalSection(SolutionConfigurationPlatforms) = preSolution
		Debug|Any CPU = Debug|Any CPU
		Release|Any CPU = Release|Any CPU
	EndGlobalSection
	GlobalSection(ProjectConfigurationPlatforms) = postSolution
		{A53CF9A1-F3CE-E2BD-642B-39F7120B397C}.Debug|Any CPU.ActiveCfg = Debug|Any CPU
		{A53CF9A1-F3CE-E2BD-642B-39F7120B397C}.Debug|Any CPU.Build.0 = Debug|Any CPU
		{A53CF9A1-F3CE-E2BD-642B-39F7120B397C}.Release|Any CPU.ActiveCfg = Release|Any CPU
		{A53CF9A1-F3CE-E2BD-642B-39F7120B397C}.Release|Any CPU.Build.0 = Release|Any CPU
	EndGlobalSection
	GlobalSection(SolutionProperties) = preSolution
		HideSolutionNode = FALSE
	EndGlobalSection
	GlobalSection(ExtensibilityGlobals) = postSolution
		SolutionGuid = {44468053-5291-4494-BDE2-1F97D0509FA2}
	EndGlobalSection
EndGlobal
